
Microsoft Visual Studio Solution File, Format Version 12.00
# Visual Studio Version 17
VisualStudioVersion = 17.7.34202.233
MinimumVisualStudioVersion = 10.0.40219.1
Project("{9A19103F-16F7-4668-BE54-9A1E7A4F7556}") = "CollaborativeWhiteboard.Web", "CollaborativeWhiteboard.Web\CollaborativeWhiteboard.Web.csproj", "{709E12F8-BA58-4160-BF55-852B989BBD4A}"
EndProject
Project("{9A19103F-16F7-4668-BE54-9A1E7A4F7556}") = "CollaborativeWhiteboard.Core", "CollaborativeWhiteboard.Core\CollaborativeWhiteboard.Core.csproj", "{7157182E-7103-45B2-AA6C-0DC71DAA9C5A}"
EndProject
Project("{9A19103F-16F7-4668-BE54-9A1E7A4F7556}") = "CollaborativeWhiteboard.DataInfrastructure", "CollaborativeWhiteboard.DataInfrastructure\CollaborativeWhiteboard.DataInfrastructure.csproj", "{3238E493-57E8-4116-AA2F-58F79230BA09}"
EndProject
Project("{FAE04EC0-301F-11D3-BF4B-00C04F79EFBC}") = "CollaborativeWhiteboard.Common", "CollaborativeWhiteboard.Common\CollaborativeWhiteboard.Common.csproj", "{F7AE903B-56EA-4628-AE69-93FD4FFF4E50}"
EndProject
Global
	GlobalSection(SolutionConfigurationPlatforms) = preSolution
		Debug|Any CPU = Debug|Any CPU
		Release|Any CPU = Release|Any CPU
	EndGlobalSection
	GlobalSection(ProjectConfigurationPlatforms) = postSolution
		{709E12F8-BA58-4160-BF55-852B989BBD4A}.Debug|Any CPU.ActiveCfg = Debug|Any CPU
		{709E12F8-BA58-4160-BF55-852B989BBD4A}.Debug|Any CPU.Build.0 = Debug|Any CPU
		{709E12F8-BA58-4160-BF55-852B989BBD4A}.Release|Any CPU.ActiveCfg = Release|Any CPU
		{709E12F8-BA58-4160-BF55-852B989BBD4A}.Release|Any CPU.Build.0 = Release|Any CPU
		{7157182E-7103-45B2-AA6C-0DC71DAA9C5A}.Debug|Any CPU.ActiveCfg = Debug|Any CPU
		{7157182E-7103-45B2-AA6C-0DC71DAA9C5A}.Debug|Any CPU.Build.0 = Debug|Any CPU
		{7157182E-7103-45B2-AA6C-0DC71DAA9C5A}.Release|Any CPU.ActiveCfg = Release|Any CPU
		{7157182E-7103-45B2-AA6C-0DC71DAA9C5A}.Release|Any CPU.Build.0 = Release|Any CPU
		{3238E493-57E8-4116-AA2F-58F79230BA09}.Debug|Any CPU.ActiveCfg = Debug|Any CPU
		{3238E493-57E8-4116-AA2F-58F79230BA09}.Debug|Any CPU.Build.0 = Debug|Any CPU
		{3238E493-57E8-4116-AA2F-58F79230BA09}.Release|Any CPU.ActiveCfg = Release|Any CPU
		{3238E493-57E8-4116-AA2F-58F79230BA09}.Release|Any CPU.Build.0 = Release|Any CPU
		{F7AE903B-56EA-4628-AE69-93FD4FFF4E50}.Debug|Any CPU.ActiveCfg = Debug|Any CPU
		{F7AE903B-56EA-4628-AE69-93FD4FFF4E50}.Debug|Any CPU.Build.0 = Debug|Any CPU
		{F7AE903B-56EA-4628-AE69-93FD4FFF4E50}.Release|Any CPU.ActiveCfg = Release|Any CPU
		{F7AE903B-56EA-4628-AE69-93FD4FFF4E50}.Release|Any CPU.Build.0 = Release|Any CPU
	EndGlobalSection
	GlobalSection(SolutionProperties) = preSolution
		HideSolutionNode = FALSE
	EndGlobalSection
	GlobalSection(ExtensibilityGlobals) = postSolution
		SolutionGuid = {923353BC-5D0D-4D16-8178-A757EA88E8F3}
	EndGlobalSection
EndGlobal
